[[package]]
name = "asgiref"
version = "3.5.0"
description = "ASGI specs, helper code, and adapters"
category = "main"
optional = false
python-versions = ">=3.7"

[package.extras]
tests = ["pytest", "pytest-asyncio", "mypy (>=0.800)"]

[[package]]
name = "django"
version = "4.0.2"
description = "A high-level Python web framework that encourages rapid development and clean, pragmatic design."
category = "main"
optional = false
python-versions = ">=3.8"

[package.dependencies]
asgiref = ">=3.4.1,<4"
sqlparse = ">=0.2.2"
tzdata = {version = "*", markers = "sys_platform == \"win32\""}

[package.extras]
argon2 = ["argon2-cffi (>=19.1.0)"]
bcrypt = ["bcrypt"]

[[package]]
name = "django-ninja"
version = "0.17.0"
description = "Django Ninja - Fast Django REST framework"
category = "main"
optional = false
python-versions = ">=3.6"

[package.dependencies]
Django = ">=2.2"
pydantic = ">=1.6,<2.0.0"

[package.extras]
doc = ["mkdocs", "mkdocs-material", "markdown-include"]
test = ["pytest", "pytest-cov", "pytest-django", "pytest-asyncio", "black", "isort", "flake8", "mypy (==0.930)", "django-stubs"]

[[package]]
name = "node"
version = "1.0"
description = "Building data structures as node trees"
category = "main"
optional = false
python-versions = "*"

[package.dependencies]
odict = ">=1.8.0"
plumber = ">=1.5"
"zope.component" = "*"
"zope.deferredimport" = "*"
"zope.deprecation" = "*"
"zope.lifecycleevent" = "*"

[[package]]
name = "odict"
version = "1.8.1"
description = "Ordered Dictionary."
category = "main"
optional = false
python-versions = "*"

[[package]]
name = "plumber"
version = "1.7"
description = "An alternative to mixin-based extension of classes."
category = "main"
optional = false
python-versions = "*"

[package.extras]
test = ["zope.interface"]

[[package]]
name = "pydantic"
version = "1.9.0"
description = "Data validation and settings management using python 3.6 type hinting"
category = "main"
optional = false
python-versions = ">=3.6.1"

[package.dependencies]
typing-extensions = ">=3.7.4.3"

[package.extras]
dotenv = ["python-dotenv (>=0.10.4)"]
email = ["email-validator (>=1.0.3)"]

[[package]]
name = "pymysql"
version = "1.0.2"
description = "Pure Python MySQL Driver"
category = "main"
optional = false
python-versions = ">=3.6"

[package.extras]
ed25519 = ["PyNaCl (>=1.4.0)"]
rsa = ["cryptography"]

[[package]]
name = "six"
version = "1.16.0"
description = "Python 2 and 3 compatibility utilities"
category = "main"
optional = false
python-versions = ">=2.7, !=3.0.*, !=3.1.*, !=3.2.*"

[[package]]
name = "sqlparse"
version = "0.4.2"
description = "A non-validating SQL parser."
category = "main"
optional = false
python-versions = ">=3.5"

[[package]]
name = "types-pymysql"
version = "1.0.6"
description = "Typing stubs for PyMySQL"
category = "main"
optional = false
python-versions = "*"

[[package]]
name = "typing-extensions"
version = "4.1.1"
description = "Backported and Experimental Type Hints for Python 3.6+"
category = "main"
optional = false
python-versions = ">=3.6"

[[package]]
name = "tzdata"
version = "2022.1"
description = "Provider of IANA time zone data"
category = "main"
optional = false
python-versions = ">=2"

[[package]]
name = "zope.component"
version = "5.0.1"
description = "Zope Component Architecture"
category = "main"
optional = false
python-versions = ">=2.7,!=3.0.*,!=3.1.*,!=3.2.*,!=3.3.*,!=3.4.*"

[package.dependencies]
"zope.event" = "*"
"zope.hookable" = ">=4.2.0"
"zope.interface" = ">=5.3.0a1"

[package.extras]
docs = ["sphinx", "repoze.sphinx.autointerface", "zodb"]
mintests = ["zope.configuration", "zope.i18nmessageid", "zope.testing", "zope.testrunner"]
persistentregistry = ["persistent"]
security = ["zope.location", "zope.proxy", "zope.security"]
test = ["zope.configuration", "zope.i18nmessageid", "zope.testing", "zope.testrunner", "persistent", "zope.location", "zope.proxy", "zope.security"]
zcml = ["zope.configuration", "zope.i18nmessageid"]

[[package]]
name = "zope.deferredimport"
version = "4.4"
description = "zope.deferredimport allows you to perform imports names that will only be resolved when used in the code."
category = "main"
optional = false
python-versions = ">=2.7,!=3.0.*,!=3.1.*,!=3.2.*,!=3.3.*,!=3.4.*"

[package.dependencies]
"zope.proxy" = "*"

[package.extras]
docs = ["sphinx", "repoze.sphinx.autointerface"]
test = ["zope.testrunner"]

[[package]]
name = "zope.deprecation"
version = "4.4.0"
description = "Zope Deprecation Infrastructure"
category = "main"
optional = false
python-versions = "*"

[package.extras]
docs = ["sphinx"]
test = ["zope.testrunner"]

[[package]]
name = "zope.event"
version = "4.5.0"
description = "Very basic event publishing system"
category = "main"
optional = false
python-versions = "*"

[package.extras]
docs = ["sphinx"]
test = ["zope.testrunner"]

[[package]]
name = "zope.hookable"
version = "5.1.0"
description = "Zope hookable"
category = "main"
optional = false
python-versions = ">=2.7,!=3.0.*,!=3.1.*,!=3.2.*,!=3.3.*,!=3.4.*"

[package.extras]
docs = ["sphinx"]
test = ["zope.testing", "zope.testrunner"]
testing = ["zope.testing", "zope.testrunner", "coverage"]

[[package]]
name = "zope.interface"
version = "5.4.0"
description = "Interfaces for Python"
category = "main"
optional = false
python-versions = ">=2.7, !=3.0.*, !=3.1.*, !=3.2.*, !=3.3.*, !=3.4.*"

[package.extras]
docs = ["sphinx", "repoze.sphinx.autointerface"]
test = ["coverage (>=5.0.3)", "zope.event", "zope.testing"]
testing = ["coverage (>=5.0.3)", "zope.event", "zope.testing"]

[[package]]
name = "zope.lifecycleevent"
version = "4.3"
description = "Object life-cycle events"
category = "main"
optional = false
python-versions = "*"

[package.dependencies]
"zope.event" = "*"
"zope.interface" = "*"

[package.extras]
test = ["zope.component", "zope.configuration", "zope.testing", "zope.testrunner"]

[[package]]
name = "zope.proxy"
version = "4.5.0"
description = "Generic Transparent Proxies"
category = "main"
optional = false
python-versions = "*"

[package.dependencies]
"zope.interface" = "*"

[package.extras]
docs = ["sphinx", "repoze.sphinx.autointerface"]
test = ["zope.security", "zope.testrunner"]

[metadata]
lock-version = "1.1"
python-versions = "^3.9"
content-hash = "2fbabce7193c0df63617dae6d741230c06d998f016fbf0918770612be0e75b37"

[metadata.files]
asgiref = [
    {file = "asgiref-3.5.0-py3-none-any.whl", hash = "sha256:88d59c13d634dcffe0510be048210188edd79aeccb6a6c9028cdad6f31d730a9"},
    {file = "asgiref-3.5.0.tar.gz", hash = "sha256:2f8abc20f7248433085eda803936d98992f1343ddb022065779f37c5da0181d0"},
]
django = [
    {file = "Django-4.0.2-py3-none-any.whl", hash = "sha256:996495c58bff749232426c88726d8cd38d24c94d7c1d80835aafffa9bc52985a"},
    {file = "Django-4.0.2.tar.gz", hash = "sha256:110fb58fb12eca59e072ad59fc42d771cd642dd7a2f2416582aa9da7a8ef954a"},
]
django-ninja = [
    {file = "django-ninja-0.17.0.tar.gz", hash = "sha256:f6e80cbfd67de0c6fbf8fa2948f194a1ac375b67c43d6a79808d325abba94eb5"},
    {file = "django_ninja-0.17.0-py3-none-any.whl", hash = "sha256:31a5c040a36c620deb4c20731c094540e3245a7b885a7f9d28e85098886595fc"},
]
node = [
    {file = "node-1.0-py3-none-any.whl", hash = "sha256:667b8a4b03f23b96d33bf36c1d94df113932d173c8a2b200c9651dbbc0f5f9d3"},
    {file = "node-1.0.tar.gz", hash = "sha256:05f2aa15e1a8462d90b91bd21e3200884505c2f012439763cee211403040da87"},
]
odict = [
    {file = "odict-1.8.1-py3-none-any.whl", hash = "sha256:58eff8bea0ca3c880bdc1be095214be8e30271b8497cdb09ebe130e1eb4b07a8"},
    {file = "odict-1.8.1.tar.gz", hash = "sha256:712e1680c4e7c41f6f4cc0359c34adfb713f955ff6924106a16a2220e1012eab"},
]
plumber = [
    {file = "plumber-1.7-py3-none-any.whl", hash = "sha256:4e734ce006b2b4367ce6f7e22c854f434f09eebfe9679b91758745c6184ddc11"},
    {file = "plumber-1.7.tar.gz", hash = "sha256:bde8d6323a8b3bdfc49ae3fa054c0801408a09a2c37e319ae9f0a4d49e4d5a23"},
]
pydantic = [
    {file = "pydantic-1.9.0-cp310-cp310-macosx_10_9_x86_64.whl", hash = "sha256:cb23bcc093697cdea2708baae4f9ba0e972960a835af22560f6ae4e7e47d33f5"},
    {file = "pydantic-1.9.0-cp310-cp310-macosx_11_0_arm64.whl", hash = "sha256:1d5278bd9f0eee04a44c712982343103bba63507480bfd2fc2790fa70cd64cf4"},
    {file = "pydantic-1.9.0-cp310-cp310-manylinux_2_17_x86_64.manylinux2014_x86_64.whl", hash = "sha256:ab624700dc145aa809e6f3ec93fb8e7d0f99d9023b713f6a953637429b437d37"},
    {file = "pydantic-1.9.0-cp310-cp310-manylinux_2_5_i686.manylinux1_i686.manylinux_2_17_i686.manylinux2014_i686.whl", hash = "sha256:c8d7da6f1c1049eefb718d43d99ad73100c958a5367d30b9321b092771e96c25"},
    {file = "pydantic-1.9.0-cp310-cp310-musllinux_1_1_i686.whl", hash = "sha256:3c3b035103bd4e2e4a28da9da7ef2fa47b00ee4a9cf4f1a735214c1bcd05e0f6"},
    {file = "pydantic-1.9.0-cp310-cp310-musllinux_1_1_x86_64.whl", hash = "sha256:3011b975c973819883842c5ab925a4e4298dffccf7782c55ec3580ed17dc464c"},
    {file = "pydantic-1.9.0-cp310-cp310-win_amd64.whl", hash = "sha256:086254884d10d3ba16da0588604ffdc5aab3f7f09557b998373e885c690dd398"},
    {file = "pydantic-1.9.0-cp36-cp36m-macosx_10_9_x86_64.whl", hash = "sha256:0fe476769acaa7fcddd17cadd172b156b53546ec3614a4d880e5d29ea5fbce65"},
    {file = "pydantic-1.9.0-cp36-cp36m-manylinux_2_17_x86_64.manylinux2014_x86_64.whl", hash = "sha256:c8e9dcf1ac499679aceedac7e7ca6d8641f0193c591a2d090282aaf8e9445a46"},
    {file = "pydantic-1.9.0-cp36-cp36m-manylinux_2_5_i686.manylinux1_i686.manylinux_2_17_i686.manylinux2014_i686.whl", hash = "sha256:d1e4c28f30e767fd07f2ddc6f74f41f034d1dd6bc526cd59e63a82fe8bb9ef4c"},
    {file = "pydantic-1.9.0-cp36-cp36m-musllinux_1_1_i686.whl", hash = "sha256:c86229333cabaaa8c51cf971496f10318c4734cf7b641f08af0a6fbf17ca3054"},
    {file = "pydantic-1.9.0-cp36-cp36m-musllinux_1_1_x86_64.whl", hash = "sha256:c0727bda6e38144d464daec31dff936a82917f431d9c39c39c60a26567eae3ed"},
    {file = "pydantic-1.9.0-cp36-cp36m-win_amd64.whl", hash = "sha256:dee5ef83a76ac31ab0c78c10bd7d5437bfdb6358c95b91f1ba7ff7b76f9996a1"},
    {file = "pydantic-1.9.0-cp37-cp37m-macosx_10_9_x86_64.whl", hash = "sha256:d9c9bdb3af48e242838f9f6e6127de9be7063aad17b32215ccc36a09c5cf1070"},
    {file = "pydantic-1.9.0-cp37-cp37m-manylinux_2_17_x86_64.manylinux2014_x86_64.whl", hash = "sha256:2ee7e3209db1e468341ef41fe263eb655f67f5c5a76c924044314e139a1103a2"},
    {file = "pydantic-1.9.0-cp37-cp37m-manylinux_2_5_i686.manylinux1_i686.manylinux_2_17_i686.manylinux2014_i686.whl", hash = "sha256:0b6037175234850ffd094ca77bf60fb54b08b5b22bc85865331dd3bda7a02fa1"},
    {file = "pydantic-1.9.0-cp37-cp37m-musllinux_1_1_i686.whl", hash = "sha256:b2571db88c636d862b35090ccf92bf24004393f85c8870a37f42d9f23d13e032"},
    {file = "pydantic-1.9.0-cp37-cp37m-musllinux_1_1_x86_64.whl", hash = "sha256:8b5ac0f1c83d31b324e57a273da59197c83d1bb18171e512908fe5dc7278a1d6"},
    {file = "pydantic-1.9.0-cp37-cp37m-win_amd64.whl", hash = "sha256:bbbc94d0c94dd80b3340fc4f04fd4d701f4b038ebad72c39693c794fd3bc2d9d"},
    {file = "pydantic-1.9.0-cp38-cp38-macosx_10_9_x86_64.whl", hash = "sha256:e0896200b6a40197405af18828da49f067c2fa1f821491bc8f5bde241ef3f7d7"},
    {file = "pydantic-1.9.0-cp38-cp38-macosx_11_0_arm64.whl", hash = "sha256:7bdfdadb5994b44bd5579cfa7c9b0e1b0e540c952d56f627eb227851cda9db77"},
    {file = "pydantic-1.9.0-cp38-cp38-manylinux_2_17_x86_64.manylinux2014_x86_64.whl", hash = "sha256:574936363cd4b9eed8acdd6b80d0143162f2eb654d96cb3a8ee91d3e64bf4cf9"},
    {file = "pydantic-1.9.0-cp38-cp38-manylinux_2_5_i686.manylinux1_i686.manylinux_2_17_i686.manylinux2014_i686.whl", hash = "sha256:c556695b699f648c58373b542534308922c46a1cda06ea47bc9ca45ef5b39ae6"},
    {file = "pydantic-1.9.0-cp38-cp38-musllinux_1_1_i686.whl", hash = "sha256:f947352c3434e8b937e3aa8f96f47bdfe6d92779e44bb3f41e4c213ba6a32145"},
    {file = "pydantic-1.9.0-cp38-cp38-musllinux_1_1_x86_64.whl", hash = "sha256:5e48ef4a8b8c066c4a31409d91d7ca372a774d0212da2787c0d32f8045b1e034"},
    {file = "pydantic-1.9.0-cp38-cp38-win_amd64.whl", hash = "sha256:96f240bce182ca7fe045c76bcebfa0b0534a1bf402ed05914a6f1dadff91877f"},
    {file = "pydantic-1.9.0-cp39-cp39-macosx_10_9_x86_64.whl", hash = "sha256:815ddebb2792efd4bba5488bc8fde09c29e8ca3227d27cf1c6990fc830fd292b"},
    {file = "pydantic-1.9.0-cp39-cp39-macosx_11_0_arm64.whl", hash = "sha256:6c5b77947b9e85a54848343928b597b4f74fc364b70926b3c4441ff52620640c"},
    {file = "pydantic-1.9.0-cp39-cp39-manylinux_2_17_x86_64.manylinux2014_x86_64.whl", hash = "sha256:4c68c3bc88dbda2a6805e9a142ce84782d3930f8fdd9655430d8576315ad97ce"},
    {file = "pydantic-1.9.0-cp39-cp39-manylinux_2_5_i686.manylinux1_i686.manylinux_2_17_i686.manylinux2014_i686.whl", hash = "sha256:5a79330f8571faf71bf93667d3ee054609816f10a259a109a0738dac983b23c3"},
    {file = "pydantic-1.9.0-cp39-cp39-musllinux_1_1_i686.whl", hash = "sha256:f5a64b64ddf4c99fe201ac2724daada8595ada0d102ab96d019c1555c2d6441d"},
    {file = "pydantic-1.9.0-cp39-cp39-musllinux_1_1_x86_64.whl", hash = "sha256:a733965f1a2b4090a5238d40d983dcd78f3ecea221c7af1497b845a9709c1721"},
    {file = "pydantic-1.9.0-cp39-cp39-win_amd64.whl", hash = "sha256:2cc6a4cb8a118ffec2ca5fcb47afbacb4f16d0ab8b7350ddea5e8ef7bcc53a16"},
    {file = "pydantic-1.9.0-py3-none-any.whl", hash = "sha256:085ca1de245782e9b46cefcf99deecc67d418737a1fd3f6a4f511344b613a5b3"},
    {file = "pydantic-1.9.0.tar.gz", hash = "sha256:742645059757a56ecd886faf4ed2441b9c0cd406079c2b4bee51bcc3fbcd510a"},
]
pymysql = [
    {file = "PyMySQL-1.0.2-py3-none-any.whl", hash = "sha256:41fc3a0c5013d5f039639442321185532e3e2c8924687abe6537de157d403641"},
    {file = "PyMySQL-1.0.2.tar.gz", hash = "sha256:816927a350f38d56072aeca5dfb10221fe1dc653745853d30a216637f5d7ad36"},
]
six = [
    {file = "six-1.16.0-py2.py3-none-any.whl", hash = "sha256:8abb2f1d86890a2dfb989f9a77cfcfd3e47c2a354b01111771326f8aa26e0254"},
    {file = "six-1.16.0.tar.gz", hash = "sha256:1e61c37477a1626458e36f7b1d82aa5c9b094fa4802892072e49de9c60c4c926"},
]
sqlparse = [
    {file = "sqlparse-0.4.2-py3-none-any.whl", hash = "sha256:48719e356bb8b42991bdbb1e8b83223757b93789c00910a616a071910ca4a64d"},
    {file = "sqlparse-0.4.2.tar.gz", hash = "sha256:0c00730c74263a94e5a9919ade150dfc3b19c574389985446148402998287dae"},
]
types-pymysql = [
    {file = "types-PyMySQL-1.0.6.tar.gz", hash = "sha256:2f43b8ba9357c0b158cba26b58b36951754db45b8c8e7d301d0208de598cb7d6"},
    {file = "types_PyMySQL-1.0.6-py3-none-any.whl", hash = "sha256:0589f4076bb37dbc3c95de14aa4b66c919b220cb3437ef7775c184ac7b27807b"},
]
typing-extensions = [
    {file = "typing_extensions-4.1.1-py3-none-any.whl", hash = "sha256:21c85e0fe4b9a155d0799430b0ad741cdce7e359660ccbd8b530613e8df88ce2"},
    {file = "typing_extensions-4.1.1.tar.gz", hash = "sha256:1a9462dcc3347a79b1f1c0271fbe79e844580bb598bafa1ed208b94da3cdcd42"},
]
tzdata = [
    {file = "tzdata-2022.1-py2.py3-none-any.whl", hash = "sha256:238e70234214138ed7b4e8a0fab0e5e13872edab3be586ab8198c407620e2ab9"},
    {file = "tzdata-2022.1.tar.gz", hash = "sha256:8b536a8ec63dc0751342b3984193a3118f8fca2afe25752bb9b7fffd398552d3"},
]
"zope.component" = [
    {file = "zope.component-5.0.1-py2.py3-none-any.whl", hash = "sha256:e955eb9f1e55d30e2d8097c8baa9ee012c356887eef3b0d43e6bfcd4868221e5"},
    {file = "zope.component-5.0.1.tar.gz", hash = "sha256:32cbe426ba8fa7b62ce5b211f80f0718a0c749cc7ff09e3f4b43a57f7ccdf5e5"},
]
"zope.deferredimport" = [
    {file = "zope.deferredimport-4.4-py2.py3-none-any.whl", hash = "sha256:f4ff3a3b0f9c3a3adcd1c3fe78fd246e4111fd723f95dc84d9de5dd53916c0cf"},
    {file = "zope.deferredimport-4.4.tar.gz", hash = "sha256:2ae3257256802787e52ad840032f39c1496d3ce0b7e11117f663420e4a4c9add"},
]
"zope.deprecation" = [
    {file = "zope.deprecation-4.4.0-py2.py3-none-any.whl", hash = "sha256:f1480b74995958b24ce37b0ef04d3663d2683e5d6debc96726eff18acf4ea113"},
    {file = "zope.deprecation-4.4.0.tar.gz", hash = "sha256:0d453338f04bacf91bbfba545d8bcdf529aa829e67b705eac8c1a7fdce66e2df"},
]
"zope.event" = [
    {file = "zope.event-4.5.0-py2.py3-none-any.whl", hash = "sha256:2666401939cdaa5f4e0c08cf7f20c9b21423b95e88f4675b1443973bdb080c42"},
    {file = "zope.event-4.5.0.tar.gz", hash = "sha256:5e76517f5b9b119acf37ca8819781db6c16ea433f7e2062c4afc2b6fbedb1330"},
]
"zope.hookable" = [
    {file = "zope.hookable-5.1.0-cp27-cp27m-macosx_10_14_x86_64.whl", hash = "sha256:cf27270212fa51005162d75cae83bb943c84ece7c7f8d30d68efebfad2f469d9"},
    {file = "zope.hookable-5.1.0-cp27-cp27m-win32.whl", hash = "sha256:24e4489ccf0dbd4c0e9d2d8b845b46994debb30cc22f96da76e973f9cb582799"},
    {file = "zope.hookable-5.1.0-cp27-cp27m-win_amd64.whl", hash = "sha256:8cf9982d43f6a732d041cf68b08fa969e5bcf090212ab519a637c8a393015eda"},
    {file = "zope.hookable-5.1.0-cp35-cp35m-win32.whl", hash = "sha256:16c0748438f716894cb61f3ed00adaa65359a5abe7a12bb44d7133d4b0cd3453"},
    {file = "zope.hookable-5.1.0-cp35-cp35m-win_amd64.whl", hash = "sha256:4711443b964bf7ace58780a3473f520151de8d441e57583b8d8cd8a231fb7656"},
    {file = "zope.hookable-5.1.0-cp36-cp36m-macosx_10_14_x86_64.whl", hash = "sha256:a766186b97e493928dfac4a4b6c7508e47411e78c6f3be9846e8981eb91542d4"},
    {file = "zope.hookable-5.1.0-cp36-cp36m-manylinux_2_17_aarch64.manylinux2014_aarch64.whl", hash = "sha256:de77a946ef020d08643647e417713ed753a2eed1f4495259c38a241c8eb31dbf"},
    {file = "zope.hookable-5.1.0-cp36-cp36m-manylinux_2_5_i686.manylinux1_i686.manylinux_2_12_i686.manylinux2010_i686.whl", hash = "sha256:43855fbab9fb949fa14b5bbcf4c471e4d359428c2196061efe0d82fe3b387101"},
    {file = "zope.hookable-5.1.0-cp36-cp36m-manylinux_2_5_x86_64.manylinux1_x86_64.manylinux_2_12_x86_64.manylinux2010_x86_64.whl", hash = "sha256:cbcbf6d31092caafb40ab26d07c065bf4f60f3ba7925d23d51a4e19469034544"},
    {file = "zope.hookable-5.1.0-cp36-cp36m-win32.whl", hash = "sha256:34a84e15f2e6a3b2e372a67f7d845a372e3f0438319f26dfe9b7cb66ab75be44"},
    {file = "zope.hookable-5.1.0-cp36-cp36m-win_amd64.whl", hash = "sha256:031e7672540685dc9d07565f2b968c6e21c7899c9391da58a23e63f229a8fdcd"},
    {file = "zope.hookable-5.1.0-cp37-cp37m-macosx_10_14_x86_64.whl", hash = "sha256:1da8d3386238983e97302b2cbdb510e126968e65e3cb8a8745da9744655001fc"},
    {file = "zope.hookable-5.1.0-cp37-cp37m-manylinux_2_17_aarch64.manylinux2014_aarch64.whl", hash = "sha256:64337672794b01d039e2380d11dd895ab17043530f27b5e3e0709a11fbe5b532"},
    {file = "zope.hookable-5.1.0-cp37-cp37m-manylinux_2_5_i686.manylinux1_i686.manylinux_2_12_i686.manylinux2010_i686.whl", hash = "sha256:7067a450b15c8d41d00060890573ddc06f3414e62173dac55b38f6683920c20e"},
    {file = "zope.hookable-5.1.0-cp37-cp37m-manylinux_2_5_x86_64.manylinux1_x86_64.manylinux_2_12_x86_64.manylinux2010_x86_64.whl", hash = "sha256:3111fbc3ddae5d98655691ff81b1c71bd7ad0c3bcf2c2ef659fdc8e66f664603"},
    {file = "zope.hookable-5.1.0-cp37-cp37m-win32.whl", hash = "sha256:7b63de104e531109f606d4e3765b82fa3364e387d63b71a02460d321e24b33c8"},
    {file = "zope.hookable-5.1.0-cp37-cp37m-win_amd64.whl", hash = "sha256:84dfb4f5189c8a3b70dfdf0d268840d5dce69048d4767120910f4665fa5ee2f3"},
    {file = "zope.hookable-5.1.0-cp38-cp38-macosx_10_14_x86_64.whl", hash = "sha256:ff08276e555f2ef262fd03d872cca130e7ee376b87d7651a5595aae2fa5b2425"},
    {file = "zope.hookable-5.1.0-cp38-cp38-manylinux_2_17_aarch64.manylinux2014_aarch64.whl", hash = "sha256:4dbdfe522741effbb507d55354664c93c81db6db66ca124c981d1e3a41e5a31b"},
    {file = "zope.hookable-5.1.0-cp38-cp38-manylinux_2_5_i686.manylinux1_i686.manylinux_2_12_i686.manylinux2010_i686.whl", hash = "sha256:35320d283a364c42dbf91694066bc1e7f07628bbd5ec87c1ae08143036e1de49"},
    {file = "zope.hookable-5.1.0-cp38-cp38-manylinux_2_5_x86_64.manylinux1_x86_64.manylinux_2_12_x86_64.manylinux2010_x86_64.whl", hash = "sha256:4dc9693fa28a238f063ba169110ef4199e0f86f9f976b57824c1d742eb21ad2e"},
    {file = "zope.hookable-5.1.0-cp38-cp38-win32.whl", hash = "sha256:cf7f1f973aeced06ab1a245faa71e867cec6a053b807c2aad4c1728964aac071"},
    {file = "zope.hookable-5.1.0-cp38-cp38-win_amd64.whl", hash = "sha256:49427208d9f65e5aa7df5c1be4dc818c51da34e261f4e52fe944a695ae90e3b3"},
    {file = "zope.hookable-5.1.0-cp39-cp39-macosx_10_14_x86_64.whl", hash = "sha256:e3b01e7cf16b4a3257ee05e4c354737a4f64af302846826c46a296a7944b8da9"},
    {file = "zope.hookable-5.1.0-cp39-cp39-manylinux_2_17_aarch64.manylinux2014_aarch64.whl", hash = "sha256:bfd1b1107a51ddfbd628c1ff884c6a67e92519b23012563b6082d438dbd16b9d"},
    {file = "zope.hookable-5.1.0-cp39-cp39-manylinux_2_5_i686.manylinux1_i686.manylinux_2_12_i686.manylinux2010_i686.whl", hash = "sha256:800f93479202b05e46ba7696a2dd5411cfdd9d87c47a7d2b6fcda5394a5f9042"},
    {file = "zope.hookable-5.1.0-cp39-cp39-manylinux_2_5_x86_64.manylinux1_x86_64.manylinux_2_12_x86_64.manylinux2010_x86_64.whl", hash = "sha256:14bac9afd00e9577227749b37dfc3b9fe4f4fb855923262fc016be47baa42712"},
    {file = "zope.hookable-5.1.0-cp39-cp39-win32.whl", hash = "sha256:7091df7b4d6d897dd00e8717f0fa62b020e28aabe54a92005df22130ed204f6f"},
    {file = "zope.hookable-5.1.0-cp39-cp39-win_amd64.whl", hash = "sha256:7ef3128b5bcb97029c19df95126f57638afe6d2aca0ffede989149fa0bbd744a"},
    {file = "zope.hookable-5.1.0.tar.gz", hash = "sha256:8fc3e6cd0486c6af48e3317c299def719b57538332a194e0b3bc6a772f4faa0e"},
]
"zope.interface" = [
    {file = "zope.interface-5.4.0-cp27-cp27m-macosx_10_14_x86_64.whl", hash = "sha256:7df1e1c05304f26faa49fa752a8c690126cf98b40b91d54e6e9cc3b7d6ffe8b7"},
    {file = "zope.interface-5.4.0-cp27-cp27m-manylinux1_i686.whl", hash = "sha256:2c98384b254b37ce50eddd55db8d381a5c53b4c10ee66e1e7fe749824f894021"},
    {file = "zope.interface-5.4.0-cp27-cp27m-manylinux1_x86_64.whl", hash = "sha256:08f9636e99a9d5410181ba0729e0408d3d8748026ea938f3b970a0249daa8192"},
    {file = "zope.interface-5.4.0-cp27-cp27m-manylinux2010_i686.whl", hash = "sha256:0ea1d73b7c9dcbc5080bb8aaffb776f1c68e807767069b9ccdd06f27a161914a"},
    {file = "zope.interface-5.4.0-cp27-cp27m-manylinux2010_x86_64.whl", hash = "sha256:273f158fabc5ea33cbc936da0ab3d4ba80ede5351babc4f577d768e057651531"},
    {file = "zope.interface-5.4.0-cp27-cp27m-win32.whl", hash = "sha256:a1e6e96217a0f72e2b8629e271e1b280c6fa3fe6e59fa8f6701bec14e3354325"},
    {file = "zope.interface-5.4.0-cp27-cp27m-win_amd64.whl", hash = "sha256:877473e675fdcc113c138813a5dd440da0769a2d81f4d86614e5d62b69497155"},
    {file = "zope.interface-5.4.0-cp27-cp27mu-manylinux1_i686.whl", hash = "sha256:f7ee479e96f7ee350db1cf24afa5685a5899e2b34992fb99e1f7c1b0b758d263"},
    {file = "zope.interface-5.4.0-cp27-cp27mu-manylinux1_x86_64.whl", hash = "sha256:b0297b1e05fd128d26cc2460c810d42e205d16d76799526dfa8c8ccd50e74959"},
    {file = "zope.interface-5.4.0-cp27-cp27mu-manylinux2010_i686.whl", hash = "sha256:af310ec8335016b5e52cae60cda4a4f2a60a788cbb949a4fbea13d441aa5a09e"},
    {file = "zope.interface-5.4.0-cp27-cp27mu-manylinux2010_x86_64.whl", hash = "sha256:9a9845c4c6bb56e508651f005c4aeb0404e518c6f000d5a1123ab077ab769f5c"},
    {file = "zope.interface-5.4.0-cp35-cp35m-manylinux1_i686.whl", hash = "sha256:0b465ae0962d49c68aa9733ba92a001b2a0933c317780435f00be7ecb959c702"},
    {file = "zope.interface-5.4.0-cp35-cp35m-manylinux1_x86_64.whl", hash = "sha256:5dd9ca406499444f4c8299f803d4a14edf7890ecc595c8b1c7115c2342cadc5f"},
    {file = "zope.interface-5.4.0-cp35-cp35m-manylinux2010_i686.whl", hash = "sha256:469e2407e0fe9880ac690a3666f03eb4c3c444411a5a5fddfdabc5d184a79f05"},
    {file = "zope.interface-5.4.0-cp35-cp35m-manylinux2010_x86_64.whl", hash = "sha256:52de7fc6c21b419078008f697fd4103dbc763288b1406b4562554bd47514c004"},
    {file = "zope.interface-5.4.0-cp35-cp35m-manylinux2014_aarch64.whl", hash = "sha256:3dd4952748521205697bc2802e4afac5ed4b02909bb799ba1fe239f77fd4e117"},
    {file = "zope.interface-5.4.0-cp35-cp35m-win32.whl", hash = "sha256:dd93ea5c0c7f3e25335ab7d22a507b1dc43976e1345508f845efc573d3d779d8"},
    {file = "zope.interface-5.4.0-cp35-cp35m-win_amd64.whl", hash = "sha256:3748fac0d0f6a304e674955ab1365d515993b3a0a865e16a11ec9d86fb307f63"},
    {file = "zope.interface-5.4.0-cp36-cp36m-macosx_10_14_x86_64.whl", hash = "sha256:66c0061c91b3b9cf542131148ef7ecbecb2690d48d1612ec386de9d36766058f"},
    {file = "zope.interface-5.4.0-cp36-cp36m-manylinux1_i686.whl", hash = "sha256:d0c1bc2fa9a7285719e5678584f6b92572a5b639d0e471bb8d4b650a1a910920"},
    {file = "zope.interface-5.4.0-cp36-cp36m-manylinux1_x86_64.whl", hash = "sha256:2876246527c91e101184f63ccd1d716ec9c46519cc5f3d5375a3351c46467c46"},
    {file = "zope.interface-5.4.0-cp36-cp36m-manylinux2010_i686.whl", hash = "sha256:334701327f37c47fa628fc8b8d28c7d7730ce7daaf4bda1efb741679c2b087fc"},
    {file = "zope.interface-5.4.0-cp36-cp36m-manylinux2010_x86_64.whl", hash = "sha256:71aace0c42d53abe6fc7f726c5d3b60d90f3c5c055a447950ad6ea9cec2e37d9"},
    {file = "zope.interface-5.4.0-cp36-cp36m-manylinux2014_aarch64.whl", hash = "sha256:5bb3489b4558e49ad2c5118137cfeaf59434f9737fa9c5deefc72d22c23822e2"},
    {file = "zope.interface-5.4.0-cp36-cp36m-win32.whl", hash = "sha256:1c0e316c9add0db48a5b703833881351444398b04111188069a26a61cfb4df78"},
    {file = "zope.interface-5.4.0-cp36-cp36m-win_amd64.whl", hash = "sha256:6f0c02cbb9691b7c91d5009108f975f8ffeab5dff8f26d62e21c493060eff2a1"},
    {file = "zope.interface-5.4.0-cp37-cp37m-macosx_10_14_x86_64.whl", hash = "sha256:7d97a4306898b05404a0dcdc32d9709b7d8832c0c542b861d9a826301719794e"},
    {file = "zope.interface-5.4.0-cp37-cp37m-manylinux1_i686.whl", hash = "sha256:867a5ad16892bf20e6c4ea2aab1971f45645ff3102ad29bd84c86027fa99997b"},
    {file = "zope.interface-5.4.0-cp37-cp37m-manylinux1_x86_64.whl", hash = "sha256:5f931a1c21dfa7a9c573ec1f50a31135ccce84e32507c54e1ea404894c5eb96f"},
    {file = "zope.interface-5.4.0-cp37-cp37m-manylinux2010_i686.whl", hash = "sha256:194d0bcb1374ac3e1e023961610dc8f2c78a0f5f634d0c737691e215569e640d"},
    {file = "zope.interface-5.4.0-cp37-cp37m-manylinux2010_x86_64.whl", hash = "sha256:8270252effc60b9642b423189a2fe90eb6b59e87cbee54549db3f5562ff8d1b8"},
    {file = "zope.interface-5.4.0-cp37-cp37m-manylinux2014_aarch64.whl", hash = "sha256:15e7d1f7a6ee16572e21e3576d2012b2778cbacf75eb4b7400be37455f5ca8bf"},
    {file = "zope.interface-5.4.0-cp37-cp37m-win32.whl", hash = "sha256:8892f89999ffd992208754851e5a052f6b5db70a1e3f7d54b17c5211e37a98c7"},
    {file = "zope.interface-5.4.0-cp37-cp37m-win_amd64.whl", hash = "sha256:2e5a26f16503be6c826abca904e45f1a44ff275fdb7e9d1b75c10671c26f8b94"},
    {file = "zope.interface-5.4.0-cp38-cp38-macosx_10_14_x86_64.whl", hash = "sha256:0f91b5b948686659a8e28b728ff5e74b1be6bf40cb04704453617e5f1e945ef3"},
    {file = "zope.interface-5.4.0-cp38-cp38-manylinux1_i686.whl", hash = "sha256:4de4bc9b6d35c5af65b454d3e9bc98c50eb3960d5a3762c9438df57427134b8e"},
    {file = "zope.interface-5.4.0-cp38-cp38-manylinux1_x86_64.whl", hash = "sha256:bf68f4b2b6683e52bec69273562df15af352e5ed25d1b6641e7efddc5951d1a7"},
    {file = "zope.interface-5.4.0-cp38-cp38-manylinux2010_i686.whl", hash = "sha256:63b82bb63de7c821428d513607e84c6d97d58afd1fe2eb645030bdc185440120"},
    {file = "zope.interface-5.4.0-cp38-cp38-manylinux2010_x86_64.whl", hash = "sha256:db1fa631737dab9fa0b37f3979d8d2631e348c3b4e8325d6873c2541d0ae5a48"},
    {file = "zope.interface-5.4.0-cp38-cp38-manylinux2014_aarch64.whl", hash = "sha256:f44e517131a98f7a76696a7b21b164bcb85291cee106a23beccce454e1f433a4"},
    {file = "zope.interface-5.4.0-cp38-cp38-win32.whl", hash = "sha256:a9506a7e80bcf6eacfff7f804c0ad5350c8c95b9010e4356a4b36f5322f09abb"},
    {file = "zope.interface-5.4.0-cp38-cp38-win_amd64.whl", hash = "sha256:3c02411a3b62668200910090a0dff17c0b25aaa36145082a5a6adf08fa281e54"},
    {file = "zope.interface-5.4.0-cp39-cp39-macosx_10_14_x86_64.whl", hash = "sha256:0cee5187b60ed26d56eb2960136288ce91bcf61e2a9405660d271d1f122a69a4"},
    {file = "zope.interface-5.4.0-cp39-cp39-manylinux1_i686.whl", hash = "sha256:a8156e6a7f5e2a0ff0c5b21d6bcb45145efece1909efcbbbf48c56f8da68221d"},
    {file = "zope.interface-5.4.0-cp39-cp39-manylinux1_x86_64.whl", hash = "sha256:205e40ccde0f37496904572035deea747390a8b7dc65146d30b96e2dd1359a83"},
    {file = "zope.interface-5.4.0-cp39-cp39-manylinux2010_i686.whl", hash = "sha256:3f24df7124c323fceb53ff6168da70dbfbae1442b4f3da439cd441681f54fe25"},
    {file = "zope.interface-5.4.0-cp39-cp39-manylinux2010_x86_64.whl", hash = "sha256:5208ebd5152e040640518a77827bdfcc73773a15a33d6644015b763b9c9febc1"},
    {file = "zope.interface-5.4.0-cp39-cp39-manylinux2014_aarch64.whl", hash = "sha256:17776ecd3a1fdd2b2cd5373e5ef8b307162f581c693575ec62e7c5399d80794c"},
    {file = "zope.interface-5.4.0-cp39-cp39-win32.whl", hash = "sha256:d4d9d6c1a455d4babd320203b918ccc7fcbefe308615c521062bc2ba1aa4d26e"},
    {file = "zope.interface-5.4.0-cp39-cp39-win_amd64.whl", hash = "sha256:0cba8477e300d64a11a9789ed40ee8932b59f9ee05f85276dbb4b59acee5dd09"},
    {file = "zope.interface-5.4.0.tar.gz", hash = "sha256:5dba5f530fec3f0988d83b78cc591b58c0b6eb8431a85edd1569a0539a8a5a0e"},
]
"zope.lifecycleevent" = [
    {file = "zope.lifecycleevent-4.3-py2.py3-none-any.whl", hash = "sha256:2be120f09ff185ac5e3294741e30a77678bd23fd7718a76fe373fc91bc13b732"},
    {file = "zope.lifecycleevent-4.3.tar.gz", hash = "sha256:7ec39087cc1524e55557e7d9dc6295eb1b95b09b125e293c0e2dd068574f0aee"},
]
"zope.proxy" = [
    {file = "zope.proxy-4.5.0-cp27-cp27m-macosx_10_14_x86_64.whl", hash = "sha256:4a23b1ae945dab35a82d9156232852fbeaa0dff6a36fdfcb61367e2975255a63"},
    {file = "zope.proxy-4.5.0-cp27-cp27m-win32.whl", hash = "sha256:1b8632490a5529facb9dee6c55b4845cb21d12c94fff811395ab8e05e2b38fe9"},
    {file = "zope.proxy-4.5.0-cp27-cp27m-win_amd64.whl", hash = "sha256:e1f938070fddd7e8e31810e340e07e9e6e01678b219c3f2f0afe7b13d247f917"},
    {file = "zope.proxy-4.5.0-cp310-cp310-macosx_10_14_x86_64.whl", hash = "sha256:2a0ce12c391ab3bdab4cb660884e7e576540e8d79f3063158b906f81aaf9fdb7"},
    {file = "zope.proxy-4.5.0-cp310-cp310-manylinux_2_17_aarch64.manylinux2014_aarch64.whl", hash = "sha256:f93eaa76299633d75e1f8d28e6a04fc8f23c112a5c3bd5ea41f8ab6e8724a6cf"},
    {file = "zope.proxy-4.5.0-cp310-cp310-manylinux_2_5_i686.manylinux1_i686.manylinux_2_12_i686.manylinux2010_i686.whl", hash = "sha256:ca5cc92563721e8e958a2884a81a1f00283c423375686264e954f954eeaac7c3"},
    {file = "zope.proxy-4.5.0-cp310-cp310-manylinux_2_5_x86_64.manylinux1_x86_64.manylinux_2_12_x86_64.manylinux2010_x86_64.whl", hash = "sha256:549bf921eaa28dd5efd8824ffb5b2363842b858e1f229e9732fb3700364d7753"},
    {file = "zope.proxy-4.5.0-cp310-cp310-win32.whl", hash = "sha256:9dba259cbaeed408fad83022c7541e68f1ac39c292925c83f5ac16fb8422afaf"},
    {file = "zope.proxy-4.5.0-cp310-cp310-win_amd64.whl", hash = "sha256:ba3112fc3cb6a899921962e19945e7901d31beec742c37c0a782cf1e35e8bbd0"},
    {file = "zope.proxy-4.5.0-cp35-cp35m-win32.whl", hash = "sha256:152ce846cc853f176d9002bfcc95527d3c9e1fd6e6709cf1452c9dad5c4406a9"},
    {file = "zope.proxy-4.5.0-cp35-cp35m-win_amd64.whl", hash = "sha256:067323656815486259ec4176ebf639f24341b3e832c9db869ee34e7308f08f36"},
    {file = "zope.proxy-4.5.0-cp36-cp36m-macosx_10_14_x86_64.whl", hash = "sha256:21126abebe44396b8d4100b5f4bbbed23ddbde00ac12f51d4c20650b02e57769"},
    {file = "zope.proxy-4.5.0-cp36-cp36m-manylinux_2_17_aarch64.manylinux2014_aarch64.whl", hash = "sha256:b0c62fe3898dc19a747102debef1d458055bd8c4523cae0805d58afd70a84f4e"},
    {file = "zope.proxy-4.5.0-cp36-cp36m-manylinux_2_5_i686.manylinux1_i686.manylinux_2_12_i686.manylinux2010_i686.whl", hash = "sha256:74d4f841abf190f64a41b8197f42c41e2817c40182e36aa0f5218de0975efe12"},
    {file = "zope.proxy-4.5.0-cp36-cp36m-manylinux_2_5_x86_64.manylinux1_x86_64.manylinux_2_12_x86_64.manylinux2010_x86_64.whl", hash = "sha256:c505f81d1146952e1521aec6976c08f804dcdf15faac2a0b3397ebec92017861"},
    {file = "zope.proxy-4.5.0-cp36-cp36m-win32.whl", hash = "sha256:e133909e66519a41c172eab1aa06093036c0d16196d16e1f63c095959a88bf94"},
    {file = "zope.proxy-4.5.0-cp36-cp36m-win_amd64.whl", hash = "sha256:46339268529bc3df1f37e50f1b0d11a3e8e1ed53c87784c9bbbf8d7cbe596688"},
    {file = "zope.proxy-4.5.0-cp37-cp37m-macosx_10_14_x86_64.whl", hash = "sha256:0242f14eb5fee3d8aaaef4879585507d598bd8f4f10ec281bb96f1725e23f076"},
    {file = "zope.proxy-4.5.0-cp37-cp37m-manylinux_2_17_aarch64.manylinux2014_aarch64.whl", hash = "sha256:a56cfb9e677d81a189c473e3ac89a6075ed41081beed1a06707d870cb7ebf901"},
    {file = "zope.proxy-4.5.0-cp37-cp37m-manylinux_2_5_i686.manylinux1_i686.manylinux_2_12_i686.manylinux2010_i686.whl", hash = "sha256:6f0252d03a0c558d36b2ac3223c34f7c1e45ad2433297d199490c6b6d5a9dffa"},
    {file = "zope.proxy-4.5.0-cp37-cp37m-manylinux_2_5_x86_64.manylinux1_x86_64.manylinux_2_12_x86_64.manylinux2010_x86_64.whl", hash = "sha256:92543c784a569d57de7996e438bcfd6952c31b02f17623ebc8254bbc2ce5f60f"},
    {file = "zope.proxy-4.5.0-cp37-cp37m-win32.whl", hash = "sha256:7106f6cd79608a78ee5892965d13018eadea60754441ac9c1c5118848e31791f"},
    {file = "zope.proxy-4.5.0-cp37-cp37m-win_amd64.whl", hash = "sha256:a876ac74ed869cf8f5d5d3ce3c34bc5da792be4b178bb8c14f3b6bf92921bb69"},
    {file = "zope.proxy-4.5.0-cp38-cp38-macosx_10_14_x86_64.whl", hash = "sha256:73c6f3c86cbee0dbf054408b64548e4b40bbc0722694c8e63e0e118fee1dbfdf"},
    {file = "zope.proxy-4.5.0-cp38-cp38-manylinux_2_17_aarch64.manylinux2014_aarch64.whl", hash = "sha256:cab9abda9f46ad85859935938afdae5888d9a660a9a9d9d361c70b42333c5e24"},
    {file = "zope.proxy-4.5.0-cp38-cp38-manylinux_2_5_i686.manylinux1_i686.manylinux_2_12_i686.manylinux2010_i686.whl", hash = "sha256:d56d76d90385ae962a16c4a9f1acade45042dab21d98879dbe4c45ad413f9342"},
    {file = "zope.proxy-4.5.0-cp38-cp38-manylinux_2_5_x86_64.manylinux1_x86_64.manylinux_2_12_x86_64.manylinux2010_x86_64.whl", hash = "sha256:e5ebba511e15a656936d88afbedd3008aa860c158305342427304ee75c64e589"},
    {file = "zope.proxy-4.5.0-cp38-cp38-win32.whl", hash = "sha256:cb5fa54cb19713b0f04fd160460ff3c1d92e40f066c6a3e7fc1207398511ae5c"},
    {file = "zope.proxy-4.5.0-cp38-cp38-win_amd64.whl", hash = "sha256:a53398877eb83f3a9bcd2b6d8b131796dc8668e1c8371268e1ab2db53b918601"},
    {file = "zope.proxy-4.5.0-cp39-cp39-macosx_10_14_x86_64.whl", hash = "sha256:5e19b3b3bc1ba98193284c845a9403063d28daac94a224bb59d4659d46c00448"},
    {file = "zope.proxy-4.5.0-cp39-cp39-manylinux_2_17_aarch64.manylinux2014_aarch64.whl", hash = "sha256:3335656e120a31558ae1b4c80640f6cde9154c2e2e3273ff029002a1a8c0370c"},
    {file = "zope.proxy-4.5.0-cp39-cp39-manylinux_2_5_i686.manylinux1_i686.manylinux_2_12_i686.manylinux2010_i686.whl", hash = "sha256:272d3ef67d319d1fec3cd3fa998cc7c22c36f55763cece4878d6923acab8bdd7"},
    {file = "zope.proxy-4.5.0-cp39-cp39-manylinux_2_5_x86_64.manylinux1_x86_64.manylinux_2_12_x86_64.manylinux2010_x86_64.whl", hash = "sha256:2dd2a1f35d59dcd28645a610ff8e984445eb758e54a4cb102b88ba98ae46f538"},
    {file = "zope.proxy-4.5.0-cp39-cp39-win32.whl", hash = "sha256:80b8b2635cd30c901f758b51f5ec56956e826e498bf1e118d292569f9b5b6e1a"},
    {file = "zope.proxy-4.5.0-cp39-cp39-win_amd64.whl", hash = "sha256:f2328619480eae15f7acb196f4341ffbcae2254b6f6d7ca5bc6f661cd18f698c"},
    {file = "zope.proxy-4.5.0.tar.gz", hash = "sha256:1329846261cf6c552b05579f3cfad199b2d178510d0b4703eb5f7cdd6ebad01a"},
]
